github.com/guiferpa/gody/v2 v2.2.0 h1:bxo8AU8XO2ieTJX88Le5tawZ2MuLtQMsmobaa5tNU/0=
github.com/guiferpa/gody/v2 v2.2.0/go.mod h1:He6ouILg9yFqjLge33cz36PUzuafGcCgaREQ3qoSUW0=
github.com/stretchr/testify v1.9.0 h1:HtqpIVDClZ4nwg75+f6Lvsy/wHu+3BoSGCbBAcpTsTg=
github.com/stretchr/testify v1.9.0/go.mod h1:r2ic/lqez/lEtzL7wO/rwa5dbSLXVDPFyf8C91i36aY=
